
Microsoft Visual Studio Solution File, Format Version 12.00
# Visual Studio Version 16
VisualStudioVersion = 16.0.29519.181
MinimumVisualStudioVersion = 10.0.40219.1
Project("{FAE04EC0-301F-11D3-BF4B-00C04F79EFBC}") = "ChipDna", "ChipDnaBinding\ChipDna.csproj", "{3E6A5E1F-4A97-4E86-801D-552400FD2D97}"
EndProject
Project("{9A19103F-16F7-4668-BE54-9A1E7A4F7556}") = "ChipDnaSample", "ChipDnaSample\ChipDnaSample\ChipDnaSample.csproj", "{311499BC-B43F-4EE2-A883-80B249BDAEC7}"
EndProject
Project("{FAE04EC0-301F-11D3-BF4B-00C04F79EFBC}") = "ChipDnaSample.Android", "ChipDnaSample\ChipDnaSample.Android\ChipDnaSample.Android.csproj", "{A28AD7F9-7BC2-492F-A303-02EC18CA9EB7}"
EndProject
Global
	GlobalSection(SolutionConfigurationPlatforms) = preSolution
		Debug|Any CPU = Debug|Any CPU
		Release|Any CPU = Release|Any CPU
	EndGlobalSection
	GlobalSection(ProjectConfigurationPlatforms) = postSolution
		{3E6A5E1F-4A97-4E86-801D-552400FD2D97}.Debug|Any CPU.ActiveCfg = Debug|Any CPU
		{3E6A5E1F-4A97-4E86-801D-552400FD2D97}.Debug|Any CPU.Build.0 = Debug|Any CPU
		{3E6A5E1F-4A97-4E86-801D-552400FD2D97}.Release|Any CPU.ActiveCfg = Release|Any CPU
		{3E6A5E1F-4A97-4E86-801D-552400FD2D97}.Release|Any CPU.Build.0 = Release|Any CPU
		{311499BC-B43F-4EE2-A883-80B249BDAEC7}.Debug|Any CPU.ActiveCfg = Debug|Any CPU
		{311499BC-B43F-4EE2-A883-80B249BDAEC7}.Debug|Any CPU.Build.0 = Debug|Any CPU
		{311499BC-B43F-4EE2-A883-80B249BDAEC7}.Release|Any CPU.ActiveCfg = Release|Any CPU
		{311499BC-B43F-4EE2-A883-80B249BDAEC7}.Release|Any CPU.Build.0 = Release|Any CPU
		{A28AD7F9-7BC2-492F-A303-02EC18CA9EB7}.Debug|Any CPU.ActiveCfg = Debug|Any CPU
		{A28AD7F9-7BC2-492F-A303-02EC18CA9EB7}.Debug|Any CPU.Build.0 = Debug|Any CPU
		{A28AD7F9-7BC2-492F-A303-02EC18CA9EB7}.Debug|Any CPU.Deploy.0 = Debug|Any CPU
		{A28AD7F9-7BC2-492F-A303-02EC18CA9EB7}.Release|Any CPU.ActiveCfg = Release|Any CPU
		{A28AD7F9-7BC2-492F-A303-02EC18CA9EB7}.Release|Any CPU.Build.0 = Release|Any CPU
		{A28AD7F9-7BC2-492F-A303-02EC18CA9EB7}.Release|Any CPU.Deploy.0 = Release|Any CPU
	EndGlobalSection
	GlobalSection(SolutionProperties) = preSolution
		HideSolutionNode = FALSE
	EndGlobalSection
	GlobalSection(ExtensibilityGlobals) = postSolution
		SolutionGuid = {4C95A7C1-E656-4726-8396-4877788E7FF2}
	EndGlobalSection
EndGlobal
